PODS:
  - FlutterMacOS (1.0.0)
  - zikzak_useragent_macos (1.1.0):
    - FlutterMacOS

DEPENDENCIES:
  - FlutterMacOS (from `Flutter/ephemeral`)
  - zikzak_useragent_macos (from `Flutter/ephemeral/.symlinks/plugins/zikzak_useragent_macos/macos`)

EXTERNAL SOURCES:
  FlutterMacOS:
    :path: Flutter/ephemeral
  zikzak_useragent_macos:
    :path: Flutter/ephemeral/.symlinks/plugins/zikzak_useragent_macos/macos

SPEC CHECKSUMS:
  FlutterMacOS: d0db08ddef1a9af05a5ec4b724367152bb0500b1
  zikzak_useragent_macos: e3a704a7d423a4c6df27b194d9435efc03a35f99

PODFILE CHECKSUM: 54d867c82ac51cbd61b565781b9fada492027009

COCOAPODS: 1.16.2
